
Microsoft Visual Studio Solution File, Format Version 12.00
# Visual Studio 15
VisualStudioVersion = 15.0.28010.2046
MinimumVisualStudioVersion = 10.0.40219.1
Project("{FAE04EC0-301F-11D3-BF4B-00C04F79EFBC}") = "CardGame", "CardGame.csproj", "{2AEA8A08-5010-41C7-BF40-FF02D9261A4A}"
EndProject
Global
	GlobalSection(SolutionConfigurationPlatforms) = preSolution
		Debug|Any CPU = Debug|Any CPU
		Release|Any CPU = Release|Any CPU
	EndGlobalSection
	GlobalSection(ProjectConfigurationPlatforms) = postSolution
		{2AEA8A08-5010-41C7-BF40-FF02D9261A4A}.Debug|Any CPU.ActiveCfg = Debug|Any CPU
		{2AEA8A08-5010-41C7-BF40-FF02D9261A4A}.Debug|Any CPU.Build.0 = Debug|Any CPU
		{2AEA8A08-5010-41C7-BF40-FF02D9261A4A}.Release|Any CPU.ActiveCfg = Release|Any CPU
		{2AEA8A08-5010-41C7-BF40-FF02D9261A4A}.Release|Any CPU.Build.0 = Release|Any CPU
	EndGlobalSection
	GlobalSection(SolutionProperties) = preSolution
		HideSolutionNode = FALSE
	EndGlobalSection
	GlobalSection(ExtensibilityGlobals) = postSolution
		SolutionGuid = {25F6077E-94DF-4A22-BCA2-3816382938F8}
	EndGlobalSection
EndGlobal
